
Microsoft Visual Studio Solution File, Format Version 12.00
# Visual Studio Version 17
VisualStudioVersion = 17.3.32819.101
MinimumVisualStudioVersion = 10.0.40219.1
Project("{FAE04EC0-301F-11D3-BF4B-00C04F79EFBC}") = "CommentsAndSentiments", "CommentsAndSentiments\CommentsAndSentiments.csproj", "{63B392B9-BFB0-47F1-A92F-2713CCE19129}"
EndProject
Project("{9A19103F-16F7-4668-BE54-9A1E7A4F7556}") = "CommentSentimentModel_ConsoleApp1", "CommentSentimentModel_ConsoleApp1\CommentSentimentModel_ConsoleApp1.csproj", "{1EB84B8D-4E0D-47B3-AD3D-12423A2C99B4}"
EndProject
Project("{9A19103F-16F7-4668-BE54-9A1E7A4F7556}") = "CommentSentimentModel_WebApi1", "CommentSentimentModel_WebApi1\CommentSentimentModel_WebApi1.csproj", "{C9932260-A0B4-442B-8D3A-FB2B60A298CA}"
EndProject
Global
	GlobalSection(SolutionConfigurationPlatforms) = preSolution
		Debug|Any CPU = Debug|Any CPU
		Release|Any CPU = Release|Any CPU
	EndGlobalSection
	GlobalSection(ProjectConfigurationPlatforms) = postSolution
		{63B392B9-BFB0-47F1-A92F-2713CCE19129}.Debug|Any CPU.ActiveCfg = Debug|Any CPU
		{63B392B9-BFB0-47F1-A92F-2713CCE19129}.Debug|Any CPU.Build.0 = Debug|Any CPU
		{63B392B9-BFB0-47F1-A92F-2713CCE19129}.Release|Any CPU.ActiveCfg = Release|Any CPU
		{63B392B9-BFB0-47F1-A92F-2713CCE19129}.Release|Any CPU.Build.0 = Release|Any CPU
		{1EB84B8D-4E0D-47B3-AD3D-12423A2C99B4}.Debug|Any CPU.ActiveCfg = Debug|Any CPU
		{1EB84B8D-4E0D-47B3-AD3D-12423A2C99B4}.Debug|Any CPU.Build.0 = Debug|Any CPU
		{1EB84B8D-4E0D-47B3-AD3D-12423A2C99B4}.Release|Any CPU.ActiveCfg = Release|Any CPU
		{1EB84B8D-4E0D-47B3-AD3D-12423A2C99B4}.Release|Any CPU.Build.0 = Release|Any CPU
		{C9932260-A0B4-442B-8D3A-FB2B60A298CA}.Debug|Any CPU.ActiveCfg = Debug|Any CPU
		{C9932260-A0B4-442B-8D3A-FB2B60A298CA}.Debug|Any CPU.Build.0 = Debug|Any CPU
		{C9932260-A0B4-442B-8D3A-FB2B60A298CA}.Release|Any CPU.ActiveCfg = Release|Any CPU
		{C9932260-A0B4-442B-8D3A-FB2B60A298CA}.Release|Any CPU.Build.0 = Release|Any CPU
	EndGlobalSection
	GlobalSection(SolutionProperties) = preSolution
		HideSolutionNode = FALSE
	EndGlobalSection
	GlobalSection(ExtensibilityGlobals) = postSolution
		SolutionGuid = {92F5F90F-AF08-4936-A80E-C3D724DAEC34}
	EndGlobalSection
EndGlobal
